
Microsoft Visual Studio Solution File, Format Version 12.00
# Visual Studio Version 17
VisualStudioVersion = 17.2.32630.192
MinimumVisualStudioVersion = 10.0.40219.1
Project("{8BC9CEB8-8B4A-11D0-8D11-00A0C91BC942}") = "LoginServer", "LoginServer\LoginServer.vcxproj", "{7E0B8CB6-9D92-496B-9C9F-01D29B8ACDB0}"
EndProject
Project("{8BC9CEB8-8B4A-11D0-8D11-00A0C91BC942}") = "JGNet98", "..\ServerCore\JGNet98\JGNet98\JGNet98.vcxproj", "{A7E86EF0-BAC5-4651-891A-AA8628AA04CE}"
EndProject
Global
	GlobalSection(SolutionConfigurationPlatforms) = preSolution
		Debug|x64 = Debug|x64
		Debug|x86 = Debug|x86
		Release|x64 = Release|x64
		Release|x86 = Release|x86
	EndGlobalSection
	GlobalSection(ProjectConfigurationPlatforms) = postSolution
		{7E0B8CB6-9D92-496B-9C9F-01D29B8ACDB0}.Debug|x64.ActiveCfg = Debug|x64
		{7E0B8CB6-9D92-496B-9C9F-01D29B8ACDB0}.Debug|x64.Build.0 = Debug|x64
		{7E0B8CB6-9D92-496B-9C9F-01D29B8ACDB0}.Debug|x86.ActiveCfg = Debug|Win32
		{7E0B8CB6-9D92-496B-9C9F-01D29B8ACDB0}.Debug|x86.Build.0 = Debug|Win32
		{7E0B8CB6-9D92-496B-9C9F-01D29B8ACDB0}.Release|x64.ActiveCfg = Release|x64
		{7E0B8CB6-9D92-496B-9C9F-01D29B8ACDB0}.Release|x64.Build.0 = Release|x64
		{7E0B8CB6-9D92-496B-9C9F-01D29B8ACDB0}.Release|x86.ActiveCfg = Release|Win32
		{7E0B8CB6-9D92-496B-9C9F-01D29B8ACDB0}.Release|x86.Build.0 = Release|Win32
		{A7E86EF0-BAC5-4651-891A-AA8628AA04CE}.Debug|x64.ActiveCfg = Debug|x64
		{A7E86EF0-BAC5-4651-891A-AA8628AA04CE}.Debug|x64.Build.0 = Debug|x64
		{A7E86EF0-BAC5-4651-891A-AA8628AA04CE}.Debug|x86.ActiveCfg = Debug|Win32
		{A7E86EF0-BAC5-4651-891A-AA8628AA04CE}.Debug|x86.Build.0 = Debug|Win32
		{A7E86EF0-BAC5-4651-891A-AA8628AA04CE}.Release|x64.ActiveCfg = Release|x64
		{A7E86EF0-BAC5-4651-891A-AA8628AA04CE}.Release|x64.Build.0 = Release|x64
		{A7E86EF0-BAC5-4651-891A-AA8628AA04CE}.Release|x86.ActiveCfg = Release|Win32
		{A7E86EF0-BAC5-4651-891A-AA8628AA04CE}.Release|x86.Build.0 = Release|Win32
	EndGlobalSection
	GlobalSection(SolutionProperties) = preSolution
		HideSolutionNode = FALSE
	EndGlobalSection
	GlobalSection(ExtensibilityGlobals) = postSolution
		SolutionGuid = {E4DDA2B9-C319-4252-AB91-FB989736B052}
	EndGlobalSection
EndGlobal
